<?xml version="1.0" encoding="utf-8"?>
<Project ToolsVersion="4.0" xmlns="http://schemas.microsoft.com/developer/msbuild/2003">
  <ItemGroup>
    <Filter Include="Source Files">
      <UniqueIdentifier>{4FC737F1-C7A5-4376-A066-2A32D752A2FF}</UniqueIdentifier>
      <Extensions>cpp;c;cc;cxx;def;odl;idl;hpj;bat;asm;asmx</Extensions>
    </Filter>
    <Filter Include="Header Files">
      <UniqueIdentifier>{93995380-89BD-4b04-88EB-625FBE52EBFB}</UniqueIdentifier>
      <Extensions>h;hh;hpp;hxx;hm;inl;inc;xsd</Extensions>
    </Filter>
    <Filter Include="Header Files\DataStructures">
      <UniqueIdentifier>{efa704ab-2db5-4f44-bd3f-a61bc175d8e0}</UniqueIdentifier>
    </Filter>
    <Filter Include="Source Files\DataStructures">
      <UniqueIdentifier>{33b1e779-a94c-4620-b2f9-d5562b356bd9}</UniqueIdentifier>
    </Filter>
    <Filter Include="Header Files\Exercice_1">
      <UniqueIdentifier>{89cc335d-13ce-4081-b871-a72a5263a4f8}</UniqueIdentifier>
    </Filter>
    <Filter Include="Source Files\Exercice_1">
      <UniqueIdentifier>{c02541d6-1c04-43de-850f-b5cb76a32789}</UniqueIdentifier>
    </Filter>
    <Filter Include="Header Files\Other">
      <UniqueIdentifier>{9b3b0171-718a-4b54-8193-be1c5f91d4bb}</UniqueIdentifier>
    </Filter>
    <Filter Include="Source Files\Other">
      <UniqueIdentifier>{74e9ea9a-0d79-42d0-9f6c-e8bb5112ebde}</UniqueIdentifier>
    </Filter>
    <Filter Include="Header Files\Exercice_2">
      <UniqueIdentifier>{7f2bfc83-4ddd-4a66-a782-d19d3f661d1f}</UniqueIdentifier>
    </Filter>
    <Filter Include="Source Files\Exercice_2">
      <UniqueIdentifier>{b308e453-545c-4031-be69-2e75e684c07d}</UniqueIdentifier>
    </Filter>
    <Filter Include="Resource Files">
      <UniqueIdentifier>{67DA6AB6-F800-4c08-8B7A-83BB121AAD01}</UniqueIdentifier>
      <Extensions>rc;ico;cur;bmp;dlg;rc2;rct;bin;rgs;gif;jpg;jpeg;jpe;resx;tiff;tif;png;wav;mfcribbon-ms</Extensions>
    </Filter>
  </ItemGroup>
  <ItemGroup>
    <Text Include="ReadMe.txt" />
  </ItemGroup>
  <ItemGroup>
    <ClInclude Include="ArrayQueue.h">
      <Filter>Header Files\DataStructures</Filter>
    </ClInclude>
    <ClInclude Include="LinkedStack.h">
      <Filter>Header Files\DataStructures</Filter>
    </ClInclude>
    <ClInclude Include="CardGame.h">
      <Filter>Header Files\Exercice_1</Filter>
    </ClInclude>
    <ClInclude Include="resource.h">
      <Filter>Header Files\Other</Filter>
    </ClInclude>
    <ClInclude Include="stdafx.h">
      <Filter>Header Files\Other</Filter>
    </ClInclude>
    <ClInclude Include="targetver.h">
      <Filter>Header Files\Other</Filter>
    </ClInclude>
    <ClInclude Include="Factory.h">
      <Filter>Header Files\Exercice_2</Filter>
    </ClInclude>
    <ClInclude Include="ArrayStack.h">
      <Filter>Header Files\DataStructures</Filter>
    </ClInclude>
    <ClInclude Include="Stack.h">
      <Filter>Header Files\DataStructures</Filter>
    </ClInclude>
  </ItemGroup>
  <ItemGroup>
    <ClCompile Include="ArrayQueue.cpp">
      <Filter>Source Files\DataStructures</Filter>
    </ClCompile>
    <ClCompile Include="LinkedStack.cpp">
      <Filter>Source Files\DataStructures</Filter>
    </ClCompile>
    <ClCompile Include="CardGame.cpp">
      <Filter>Source Files\Exercice_1</Filter>
    </ClCompile>
    <ClCompile Include="stdafx.cpp">
      <Filter>Source Files\Other</Filter>
    </ClCompile>
    <ClCompile Include="main.cpp">
      <Filter>Source Files</Filter>
    </ClCompile>
    <ClCompile Include="Factory.cpp">
      <Filter>Source Files\Exercice_2</Filter>
    </ClCompile>
    <ClCompile Include="ArrayStack.cpp">
      <Filter>Source Files\DataStructures</Filter>
    </ClCompile>
    <ClCompile Include="Stack.cpp">
      <Filter>Source Files\DataStructures</Filter>
    </ClCompile>
  </ItemGroup>
  <ItemGroup>
    <ResourceCompile Include="DataStructures.rc">
      <Filter>Resource Files</Filter>
    </ResourceCompile>
  </ItemGroup>
</Project>